// !$*UTF8*$!
{
	archiveVersion = 1;
	classes = {
	};
	objectVersion = 56;
	objects = {

/* Begin PBXBuildFile section */
		D7596AB72B529D95003A6E06 /* NavigationCourseApp.swift in Sources */ = {isa = PBXBuildFile; fileRef = D7596AB62B529D95003A6E06 /* NavigationCourseApp.swift */; };
		D7596AB92B529D95003A6E06 /* ContentView.swift in Sources */ = {isa = PBXBuildFile; fileRef = D7596AB82B529D95003A6E06 /* ContentView.swift */; };
		D7596ABB2B529D98003A6E06 /* Assets.xcassets in Resources */ = {isa = PBXBuildFile; fileRef = D7596ABA2B529D98003A6E06 /* Assets.xcassets */; };
		D7596ABE2B529D98003A6E06 /* Preview Assets.xcassets in Resources */ = {isa = PBXBuildFile; fileRef = D7596ABD2B529D98003A6E06 /* Preview Assets.xcassets */; };
		D7596AC82B529D99003A6E06 /* NavigationCourseTests.swift in Sources */ = {isa = PBXBuildFile; fileRef = D7596AC72B529D99003A6E06 /* NavigationCourseTests.swift */; };
		D7596AD22B529D99003A6E06 /* NavigationCourseUITests.swift in Sources */ = {isa = PBXBuildFile; fileRef = D7596AD12B529D99003A6E06 /* NavigationCourseUITests.swift */; };
		D7596AD42B529D99003A6E06 /* NavigationCourseUITestsLaunchTests.swift in Sources */ = {isa = PBXBuildFile; fileRef = D7596AD32B529D99003A6E06 /* NavigationCourseUITestsLaunchTests.swift */; };
		D7596AE12B529F4A003A6E06 /* DetailView.swift in Sources */ = {isa = PBXBuildFile; fileRef = D7596AE02B529F4A003A6E06 /* DetailView.swift */; };
		D7596AE32B52A026003A6E06 /* HeartDetailView.swift in Sources */ = {isa = PBXBuildFile; fileRef = D7596AE22B52A026003A6E06 /* HeartDetailView.swift */; };
		D7596AE52B52A140003A6E06 /* SimpleNavigation.swift in Sources */ = {isa = PBXBuildFile; fileRef = D7596AE42B52A140003A6E06 /* SimpleNavigation.swift */; };
		D771A2282B52B6D5009E1383 /* NavigationLinkValueDestination.swift in Sources */ = {isa = PBXBuildFile; fileRef = D771A2272B52B6D5009E1383 /* NavigationLinkValueDestination.swift */; };
		D771A22A2B52B7F0009E1383 /* AnimalDetails.swift in Sources */ = {isa = PBXBuildFile; fileRef = D771A2292B52B7F0009E1383 /* AnimalDetails.swift */; };
		D771A22C2B52B87A009E1383 /* StudentDetails.swift in Sources */ = {isa = PBXBuildFile; fileRef = D771A22B2B52B87A009E1383 /* StudentDetails.swift */; };
		D772A6712B52DDB1008915A2 /* CustomerList.swift in Sources */ = {isa = PBXBuildFile; fileRef = D772A6702B52DDB1008915A2 /* CustomerList.swift */; };
		D772A6732B52E161008915A2 /* NavigationStackPath.swift in Sources */ = {isa = PBXBuildFile; fileRef = D772A6722B52E161008915A2 /* NavigationStackPath.swift */; };
/* End PBXBuildFile section */

/* Begin PBXContainerItemProxy section */
		D7596AC42B529D99003A6E06 /* PBXContainerItemProxy */ = {
			isa = PBXContainerItemProxy;
			containerPortal = D7596AAB2B529D95003A6E06 /* Project object */;
			proxyType = 1;
			remoteGlobalIDString = D7596AB22B529D95003A6E06;
			remoteInfo = NavigationCourse;
		};
		D7596ACE2B529D99003A6E06 /* PBXContainerItemProxy */ = {
			isa = PBXContainerItemProxy;
			containerPortal = D7596AAB2B529D95003A6E06 /* Project object */;
			proxyType = 1;
			remoteGlobalIDString = D7596AB22B529D95003A6E06;
			remoteInfo = NavigationCourse;
		};
/* End PBXContainerItemProxy section */

/* Begin PBXFileReference section */
		D7596AB32B529D95003A6E06 /* NavigationCourse.app */ = {isa = PBXFileReference; explicitFileType = wrapper.application; includeInIndex = 0; path = NavigationCourse.app; sourceTree = BUILT_PRODUCTS_DIR; };
		D7596AB62B529D95003A6E06 /* NavigationCourseApp.swift */ = {isa = PBXFileReference; lastKnownFileType = sourcecode.swift; path = NavigationCourseApp.swift; sourceTree = "<group>"; };
		D7596AB82B529D95003A6E06 /* ContentView.swift */ = {isa = PBXFileReference; lastKnownFileType = sourcecode.swift; path = ContentView.swift; sourceTree = "<group>"; };
		D7596ABA2B529D98003A6E06 /* Assets.xcassets */ = {isa = PBXFileReference; lastKnownFileType = folder.assetcatalog; path = Assets.xcassets; sourceTree = "<group>"; };
		D7596ABD2B529D98003A6E06 /* Preview Assets.xcassets */ = {isa = PBXFileReference; lastKnownFileType = folder.assetcatalog; path = "Preview Assets.xcassets"; sourceTree = "<group>"; };
		D7596AC32B529D99003A6E06 /* NavigationCourseTests.xctest */ = {isa = PBXFileReference; explicitFileType = wrapper.cfbundle; includeInIndex = 0; path = NavigationCourseTests.xctest; sourceTree = BUILT_PRODUCTS_DIR; };
		D7596AC72B529D99003A6E06 /* NavigationCourseTests.swift */ = {isa = PBXFileReference; lastKnownFileType = sourcecode.swift; path = NavigationCourseTests.swift; sourceTree = "<group>"; };
		D7596ACD2B529D99003A6E06 /* NavigationCourseUITests.xctest */ = {isa = PBXFileReference; explicitFileType = wrapper.cfbundle; includeInIndex = 0; path = NavigationCourseUITests.xctest; sourceTree = BUILT_PRODUCTS_DIR; };
		D7596AD12B529D99003A6E06 /* NavigationCourseUITests.swift */ = {isa = PBXFileReference; lastKnownFileType = sourcecode.swift; path = NavigationCourseUITests.swift; sourceTree = "<group>"; };
		D7596AD32B529D99003A6E06 /* NavigationCourseUITestsLaunchTests.swift */ = {isa = PBXFileReference; lastKnownFileType = sourcecode.swift; path = NavigationCourseUITestsLaunchTests.swift; sourceTree = "<group>"; };
		D7596AE02B529F4A003A6E06 /* DetailView.swift */ = {isa = PBXFileReference; lastKnownFileType = sourcecode.swift; path = DetailView.swift; sourceTree = "<group>"; };
		D7596AE22B52A026003A6E06 /* HeartDetailView.swift */ = {isa = PBXFileReference; lastKnownFileType = sourcecode.swift; path = HeartDetailView.swift; sourceTree = "<group>"; };
		D7596AE42B52A140003A6E06 /* SimpleNavigation.swift */ = {isa = PBXFileReference; lastKnownFileType = sourcecode.swift; path = SimpleNavigation.swift; sourceTree = "<group>"; };
		D771A2272B52B6D5009E1383 /* NavigationLinkValueDestination.swift */ = {isa = PBXFileReference; lastKnownFileType = sourcecode.swift; path = NavigationLinkValueDestination.swift; sourceTree = "<group>"; };
		D771A2292B52B7F0009E1383 /* AnimalDetails.swift */ = {isa = PBXFileReference; lastKnownFileType = sourcecode.swift; path = AnimalDetails.swift; sourceTree = "<group>"; };
		D771A22B2B52B87A009E1383 /* StudentDetails.swift */ = {isa = PBXFileReference; lastKnownFileType = sourcecode.swift; path = StudentDetails.swift; sourceTree = "<group>"; };
		D772A6702B52DDB1008915A2 /* CustomerList.swift */ = {isa = PBXFileReference; lastKnownFileType = sourcecode.swift; path = CustomerList.swift; sourceTree = "<group>"; };
		D772A6722B52E161008915A2 /* NavigationStackPath.swift */ = {isa = PBXFileReference; lastKnownFileType = sourcecode.swift; path = NavigationStackPath.swift; sourceTree = "<group>"; };
/* End PBXFileReference section */

/* Begin PBXFrameworksBuildPhase section */
		D7596AB02B529D95003A6E06 /* Frameworks */ = {
			isa = PBXFrameworksBuildPhase;
			buildActionMask = 2147483647;
			files = (
			);
			runOnlyForDeploymentPostprocessing = 0;
		};
		D7596AC02B529D99003A6E06 /* Frameworks */ = {
			isa = PBXFrameworksBuildPhase;
			buildActionMask = 2147483647;
			files = (
			);
			runOnlyForDeploymentPostprocessing = 0;
		};
		D7596ACA2B529D99003A6E06 /* Frameworks */ = {
			isa = PBXFrameworksBuildPhase;
			buildActionMask = 2147483647;
			files = (
			);
			runOnlyForDeploymentPostprocessing = 0;
		};
/* End PBXFrameworksBuildPhase section */

/* Begin PBXGroup section */
		D7596AAA2B529D95003A6E06 = {
			isa = PBXGroup;
			children = (
				D7596AB52B529D95003A6E06 /* NavigationCourse */,
				D7596AC62B529D99003A6E06 /* NavigationCourseTests */,
				D7596AD02B529D99003A6E06 /* NavigationCourseUITests */,
				D7596AB42B529D95003A6E06 /* Products */,
			);
			sourceTree = "<group>";
		};
		D7596AB42B529D95003A6E06 /* Products */ = {
			isa = PBXGroup;
			children = (
				D7596AB32B529D95003A6E06 /* NavigationCourse.app */,
				D7596AC32B529D99003A6E06 /* NavigationCourseTests.xctest */,
				D7596ACD2B529D99003A6E06 /* NavigationCourseUITests.xctest */,
			);
			name = Products;
			sourceTree = "<group>";
		};
		D7596AB52B529D95003A6E06 /* NavigationCourse */ = {
			isa = PBXGroup;
			children = (
				D7596AB62B529D95003A6E06 /* NavigationCourseApp.swift */,
				D7596AB82B529D95003A6E06 /* ContentView.swift */,
				D7596ABA2B529D98003A6E06 /* Assets.xcassets */,
				D7596ABC2B529D98003A6E06 /* Preview Content */,
				D7596AE02B529F4A003A6E06 /* DetailView.swift */,
				D7596AE22B52A026003A6E06 /* HeartDetailView.swift */,
				D7596AE42B52A140003A6E06 /* SimpleNavigation.swift */,
				D771A2272B52B6D5009E1383 /* NavigationLinkValueDestination.swift */,
				D771A2292B52B7F0009E1383 /* AnimalDetails.swift */,
				D771A22B2B52B87A009E1383 /* StudentDetails.swift */,
				D772A6702B52DDB1008915A2 /* CustomerList.swift */,
				D772A6722B52E161008915A2 /* NavigationStackPath.swift */,
			);
			path = NavigationCourse;
			sourceTree = "<group>";
		};
		D7596ABC2B529D98003A6E06 /* Preview Content */ = {
			isa = PBXGroup;
			children = (
				D7596ABD2B529D98003A6E06 /* Preview Assets.xcassets */,
			);
			path = "Preview Content";
			sourceTree = "<group>";
		};
		D7596AC62B529D99003A6E06 /* NavigationCourseTests */ = {
			isa = PBXGroup;
			children = (
				D7596AC72B529D99003A6E06 /* NavigationCourseTests.swift */,
			);
			path = NavigationCourseTests;
			sourceTree = "<group>";
		};
		D7596AD02B529D99003A6E06 /* NavigationCourseUITests */ = {
			isa = PBXGroup;
			children = (
				D7596AD12B529D99003A6E06 /* NavigationCourseUITests.swift */,
				D7596AD32B529D99003A6E06 /* NavigationCourseUITestsLaunchTests.swift */,
			);
			path = NavigationCourseUITests;
			sourceTree = "<group>";
		};
/* End PBXGroup section */

/* Begin PBXNativeTarget section */
		D7596AB22B529D95003A6E06 /* NavigationCourse */ = {
			isa = PBXNativeTarget;
			buildConfigurationList = D7596AD72B529D99003A6E06 /* Build configuration list for PBXNativeTarget "NavigationCourse" */;
			buildPhases = (
				D7596AAF2B529D95003A6E06 /* Sources */,
				D7596AB02B529D95003A6E06 /* Frameworks */,
				D7596AB12B529D95003A6E06 /* Resources */,
			);
			buildRules = (
			);
			dependencies = (
			);
			name = NavigationCourse;
			productName = NavigationCourse;
			productReference = D7596AB32B529D95003A6E06 /* NavigationCourse.app */;
			productType = "com.apple.product-type.application";
		};
		D7596AC22B529D99003A6E06 /* NavigationCourseTests */ = {
			isa = PBXNativeTarget;
			buildConfigurationList = D7596ADA2B529D99003A6E06 /* Build configuration list for PBXNativeTarget "NavigationCourseTests" */;
			buildPhases = (
				D7596ABF2B529D99003A6E06 /* Sources */,
				D7596AC02B529D99003A6E06 /* Frameworks */,
				D7596AC12B529D99003A6E06 /* Resources */,
			);
			buildRules = (
			);
			dependencies = (
				D7596AC52B529D99003A6E06 /* PBXTargetDependency */,
			);
			name = NavigationCourseTests;
			productName = NavigationCourseTests;
			productReference = D7596AC32B529D99003A6E06 /* NavigationCourseTests.xctest */;
			productType = "com.apple.product-type.bundle.unit-test";
		};
		D7596ACC2B529D99003A6E06 /* NavigationCourseUITests */ = {
			isa = PBXNativeTarget;
			buildConfigurationList = D7596ADD2B529D99003A6E06 /* Build configuration list for PBXNativeTarget "NavigationCourseUITests" */;
			buildPhases = (
				D7596AC92B529D99003A6E06 /* Sources */,
				D7596ACA2B529D99003A6E06 /* Frameworks */,
				D7596ACB2B529D99003A6E06 /* Resources */,
			);
			buildRules = (
			);
			dependencies = (
				D7596ACF2B529D99003A6E06 /* PBXTargetDependency */,
			);
			name = NavigationCourseUITests;
			productName = NavigationCourseUITests;
			productReference = D7596ACD2B529D99003A6E06 /* NavigationCourseUITests.xctest */;
			productType = "com.apple.product-type.bundle.ui-testing";
		};
/* End PBXNativeTarget section */

/* Begin PBXProject section */
		D7596AAB2B529D95003A6E06 /* Project object */ = {
			isa = PBXProject;
			attributes = {
				BuildIndependentTargetsInParallel = 1;
				LastSwiftUpdateCheck = 1420;
				LastUpgradeCheck = 1420;
				TargetAttributes = {
					D7596AB22B529D95003A6E06 = {
						CreatedOnToolsVersion = 14.2;
					};
					D7596AC22B529D99003A6E06 = {
						CreatedOnToolsVersion = 14.2;
						TestTargetID = D7596AB22B529D95003A6E06;
					};
					D7596ACC2B529D99003A6E06 = {
						CreatedOnToolsVersion = 14.2;
						TestTargetID = D7596AB22B529D95003A6E06;
					};
				};
			};
			buildConfigurationList = D7596AAE2B529D95003A6E06 /* Build configuration list for PBXProject "NavigationCourse" */;
			compatibilityVersion = "Xcode 14.0";
			developmentRegion = en;
			hasScannedForEncodings = 0;
			knownRegions = (
				en,
				Base,
			);
			mainGroup = D7596AAA2B529D95003A6E06;
			productRefGroup = D7596AB42B529D95003A6E06 /* Products */;
			projectDirPath = "";
			projectRoot = "";
			targets = (
				D7596AB22B529D95003A6E06 /* NavigationCourse */,
				D7596AC22B529D99003A6E06 /* NavigationCourseTests */,
				D7596ACC2B529D99003A6E06 /* NavigationCourseUITests */,
			);
		};
/* End PBXProject section */

/* Begin PBXResourcesBuildPhase section */
		D7596AB12B529D95003A6E06 /* Resources */ = {
			isa = PBXResourcesBuildPhase;
			buildActionMask = 2147483647;
			files = (
				D7596ABE2B529D98003A6E06 /* Preview Assets.xcassets in Resources */,
				D7596ABB2B529D98003A6E06 /* Assets.xcassets in Resources */,
			);
			runOnlyForDeploymentPostprocessing = 0;
		};
		D7596AC12B529D99003A6E06 /* Resources */ = {
			isa = PBXResourcesBuildPhase;
			buildActionMask = 2147483647;
			files = (
			);
			runOnlyForDeploymentPostprocessing = 0;
		};
		D7596ACB2B529D99003A6E06 /* Resources */ = {
			isa = PBXResourcesBuildPhase;
			buildActionMask = 2147483647;
			files = (
			);
			runOnlyForDeploymentPostprocessing = 0;
		};
/* End PBXResourcesBuildPhase section */

/* Begin PBXSourcesBuildPhase section */
		D7596AAF2B529D95003A6E06 /* Sources */ = {
			isa = PBXSourcesBuildPhase;
			buildActionMask = 2147483647;
			files = (
				D771A2282B52B6D5009E1383 /* NavigationLinkValueDestination.swift in Sources */,
				D772A6732B52E161008915A2 /* NavigationStackPath.swift in Sources */,
				D7596AE52B52A140003A6E06 /* SimpleNavigation.swift in Sources */,
				D7596AB92B529D95003A6E06 /* ContentView.swift in Sources */,
				D7596AE12B529F4A003A6E06 /* DetailView.swift in Sources */,
				D771A22C2B52B87A009E1383 /* StudentDetails.swift in Sources */,
				D7596AE32B52A026003A6E06 /* HeartDetailView.swift in Sources */,
				D7596AB72B529D95003A6E06 /* NavigationCourseApp.swift in Sources */,
				D772A6712B52DDB1008915A2 /* CustomerList.swift in Sources */,
				D771A22A2B52B7F0009E1383 /* AnimalDetails.swift in Sources */,
			);
			runOnlyForDeploymentPostprocessing = 0;
		};
		D7596ABF2B529D99003A6E06 /* Sources */ = {
			isa = PBXSourcesBuildPhase;
			buildActionMask = 2147483647;
			files = (
				D7596AC82B529D99003A6E06 /* NavigationCourseTests.swift in Sources */,
			);
			runOnlyForDeploymentPostprocessing = 0;
		};
		D7596AC92B529D99003A6E06 /* Sources */ = {
			isa = PBXSourcesBuildPhase;
			buildActionMask = 2147483647;
			files = (
				D7596AD22B529D99003A6E06 /* NavigationCourseUITests.swift in Sources */,
				D7596AD42B529D99003A6E06 /* NavigationCourseUITestsLaunchTests.swift in Sources */,
			);
			runOnlyForDeploymentPostprocessing = 0;
		};
/* End PBXSourcesBuildPhase section */

/* Begin PBXTargetDependency section */
		D7596AC52B529D99003A6E06 /* PBXTargetDependency */ = {
			isa = PBXTargetDependency;
			target = D7596AB22B529D95003A6E06 /* NavigationCourse */;
			targetProxy = D7596AC42B529D99003A6E06 /* PBXContainerItemProxy */;
		};
		D7596ACF2B529D99003A6E06 /* PBXTargetDependency */ = {
			isa = PBXTargetDependency;
			target = D7596AB22B529D95003A6E06 /* NavigationCourse */;
			targetProxy = D7596ACE2B529D99003A6E06 /* PBXContainerItemProxy */;
		};
/* End PBXTargetDependency section */

/* Begin XCBuildConfiguration section */
		D7596AD52B529D99003A6E06 /* Debug */ = {
			isa = XCBuildConfiguration;
			buildSettings = {
				ALWAYS_SEARCH_USER_PATHS = NO;
				CLANG_ANALYZER_NONNULL = YES;
				CLANG_ANALYZER_NUMBER_OBJECT_CONVERSION = YES_AGGRESSIVE;
				CLANG_CXX_LANGUAGE_STANDARD = "gnu++20";
				CLANG_ENABLE_MODULES = YES;
				CLANG_ENABLE_OBJC_ARC = YES;
				CLANG_ENABLE_OBJC_WEAK = YES;
				CLANG_WARN_BLOCK_CAPTURE_AUTORELEASING = YES;
				CLANG_WARN_BOOL_CONVERSION = YES;
				CLANG_WARN_COMMA = YES;
				CLANG_WARN_CONSTANT_CONVERSION = YES;
				CLANG_WARN_DEPRECATED_OBJC_IMPLEMENTATIONS = YES;
				CLANG_WARN_DIRECT_OBJC_ISA_USAGE = YES_ERROR;
				CLANG_WARN_DOCUMENTATION_COMMENTS = YES;
				CLANG_WARN_EMPTY_BODY = YES;
				CLANG_WARN_ENUM_CONVERSION = YES;
				CLANG_WARN_INFINITE_RECURSION = YES;
				CLANG_WARN_INT_CONVERSION = YES;
				CLANG_WARN_NON_LITERAL_NULL_CONVERSION = YES;
				CLANG_WARN_OBJC_IMPLICIT_RETAIN_SELF = YES;
				CLANG_WARN_OBJC_LITERAL_CONVERSION = YES;
				CLANG_WARN_OBJC_ROOT_CLASS = YES_ERROR;
				CLANG_WARN_QUOTED_INCLUDE_IN_FRAMEWORK_HEADER = YES;
				CLANG_WARN_RANGE_LOOP_ANALYSIS = YES;
				CLANG_WARN_STRICT_PROTOTYPES = YES;
				CLANG_WARN_SUSPICIOUS_MOVE = YES;
				CLANG_WARN_UNGUARDED_AVAILABILITY = YES_AGGRESSIVE;
				CLANG_WARN_UNREACHABLE_CODE = YES;
				CLANG_WARN__DUPLICATE_METHOD_MATCH = YES;
				COPY_PHASE_STRIP = NO;
				DEBUG_INFORMATION_FORMAT = dwarf;
				ENABLE_STRICT_OBJC_MSGSEND = YES;
				ENABLE_TESTABILITY = YES;
				GCC_C_LANGUAGE_STANDARD = gnu11;
				GCC_DYNAMIC_NO_PIC = NO;
				GCC_NO_COMMON_BLOCKS = YES;
				GCC_OPTIMIZATION_LEVEL = 0;
				GCC_PREPROCESSOR_DEFINITIONS = (
					"DEBUG=1",
					"$(inherited)",
				);
				GCC_WARN_64_TO_32_BIT_CONVERSION = YES;
				GCC_WARN_ABOUT_RETURN_TYPE = YES_ERROR;
				GCC_WARN_UNDECLARED_SELECTOR = YES;
				GCC_WARN_UNINITIALIZED_AUTOS = YES_AGGRESSIVE;
				GCC_WARN_UNUSED_FUNCTION = YES;
				GCC_WARN_UNUSED_VARIABLE = YES;
				IPHONEOS_DEPLOYMENT_TARGET = 16.2;
				MTL_ENABLE_DEBUG_INFO = INCLUDE_SOURCE;
				MTL_FAST_MATH = YES;
				ONLY_ACTIVE_ARCH = YES;
				SDKROOT = iphoneos;
				SWIFT_ACTIVE_COMPILATION_CONDITIONS = DEBUG;
				SWIFT_OPTIMIZATION_LEVEL = "-Onone";
			};
			name = Debug;
		};
		D7596AD62B529D99003A6E06 /* Release */ = {
			isa = XCBuildConfiguration;
			buildSettings = {
				ALWAYS_SEARCH_USER_PATHS = NO;
				CLANG_ANALYZER_NONNULL = YES;
				CLANG_ANALYZER_NUMBER_OBJECT_CONVERSION = YES_AGGRESSIVE;
				CLANG_CXX_LANGUAGE_STANDARD = "gnu++20";
				CLANG_ENABLE_MODULES = YES;
				CLANG_ENABLE_OBJC_ARC = YES;
				CLANG_ENABLE_OBJC_WEAK = YES;
				CLANG_WARN_BLOCK_CAPTURE_AUTORELEASING = YES;
				CLANG_WARN_BOOL_CONVERSION = YES;
				CLANG_WARN_COMMA = YES;
				CLANG_WARN_CONSTANT_CONVERSION = YES;
				CLANG_WARN_DEPRECATED_OBJC_IMPLEMENTATIONS = YES;
				CLANG_WARN_DIRECT_OBJC_ISA_USAGE = YES_ERROR;
				CLANG_WARN_DOCUMENTATION_COMMENTS = YES;
				CLANG_WARN_EMPTY_BODY = YES;
				CLANG_WARN_ENUM_CONVERSION = YES;
				CLANG_WARN_INFINITE_RECURSION = YES;
				CLANG_WARN_INT_CONVERSION = YES;
				CLANG_WARN_NON_LITERAL_NULL_CONVERSION = YES;
				CLANG_WARN_OBJC_IMPLICIT_RETAIN_SELF = YES;
				CLANG_WARN_OBJC_LITERAL_CONVERSION = YES;
				CLANG_WARN_OBJC_ROOT_CLASS = YES_ERROR;
				CLANG_WARN_QUOTED_INCLUDE_IN_FRAMEWORK_HEADER = YES;
				CLANG_WARN_RANGE_LOOP_ANALYSIS = YES;
				CLANG_WARN_STRICT_PROTOTYPES = YES;
				CLANG_WARN_SUSPICIOUS_MOVE = YES;
				CLANG_WARN_UNGUARDED_AVAILABILITY = YES_AGGRESSIVE;
				CLANG_WARN_UNREACHABLE_CODE = YES;
				CLANG_WARN__DUPLICATE_METHOD_MATCH = YES;
				COPY_PHASE_STRIP = NO;
				DEBUG_INFORMATION_FORMAT = "dwarf-with-dsym";
				ENABLE_NS_ASSERTIONS = NO;
				ENABLE_STRICT_OBJC_MSGSEND = YES;
				GCC_C_LANGUAGE_STANDARD = gnu11;
				GCC_NO_COMMON_BLOCKS = YES;
				GCC_WARN_64_TO_32_BIT_CONVERSION = YES;
				GCC_WARN_ABOUT_RETURN_TYPE = YES_ERROR;
				GCC_WARN_UNDECLARED_SELECTOR = YES;
				GCC_WARN_UNINITIALIZED_AUTOS = YES_AGGRESSIVE;
				GCC_WARN_UNUSED_FUNCTION = YES;
				GCC_WARN_UNUSED_VARIABLE = YES;
				IPHONEOS_DEPLOYMENT_TARGET = 16.2;
				MTL_ENABLE_DEBUG_INFO = NO;
				MTL_FAST_MATH = YES;
				SDKROOT = iphoneos;
				SWIFT_COMPILATION_MODE = wholemodule;
				SWIFT_OPTIMIZATION_LEVEL = "-O";
				VALIDATE_PRODUCT = YES;
			};
			name = Release;
		};
		D7596AD82B529D99003A6E06 /* Debug */ = {
			isa = XCBuildConfiguration;
			buildSettings = {
				ASSETCATALOG_COMPILER_APPICON_NAME = AppIcon;
				ASSETCATALOG_COMPILER_GLOBAL_ACCENT_COLOR_NAME = AccentColor;
				CODE_SIGN_STYLE = Automatic;
				CURRENT_PROJECT_VERSION = 1;
				DEVELOPMENT_ASSET_PATHS = "\"NavigationCourse/Preview Content\"";
				ENABLE_PREVIEWS = YES;
				GENERATE_INFOPLIST_FILE = YES;
				INFOPLIST_KEY_UIApplicationSceneManifest_Generation = YES;
				INFOPLIST_KEY_UIApplicationSupportsIndirectInputEvents = YES;
				INFOPLIST_KEY_UILaunchScreen_Generation = YES;
				INFOPLIST_KEY_UISupportedInterfaceOrientations_iPad = "UIInterfaceOrientationPortrait UIInterfaceOrientationPortraitUpsideDown UIInterfaceOrientationLandscapeLeft UIInterfaceOrientationLandscapeRight";
				INFOPLIST_KEY_UISupportedInterfaceOrientations_iPhone = "UIInterfaceOrientationPortrait UIInterfaceOrientationLandscapeLeft UIInterfaceOrientationLandscapeRight";
				LD_RUNPATH_SEARCH_PATHS = (
					"$(inherited)",
					"@executable_path/Frameworks",
				);
				MARKETING_VERSION = 1.0;
				PRODUCT_BUNDLE_IDENTIFIER = com.firoj.shaikh.NavigationCourse;
				PRODUCT_NAME = "$(TARGET_NAME)";
				SWIFT_EMIT_LOC_STRINGS = YES;
				SWIFT_VERSION = 5.0;
				TARGETED_DEVICE_FAMILY = "1,2";
			};
			name = Debug;
		};
		D7596AD92B529D99003A6E06 /* Release */ = {
			isa = XCBuildConfiguration;
			buildSettings = {
				ASSETCATALOG_COMPILER_APPICON_NAME = AppIcon;
				ASSETCATALOG_COMPILER_GLOBAL_ACCENT_COLOR_NAME = AccentColor;
				CODE_SIGN_STYLE = Automatic;
				CURRENT_PROJECT_VERSION = 1;
				DEVELOPMENT_ASSET_PATHS = "\"NavigationCourse/Preview Content\"";
				ENABLE_PREVIEWS = YES;
				GENERATE_INFOPLIST_FILE = YES;
				INFOPLIST_KEY_UIApplicationSceneManifest_Generation = YES;
				INFOPLIST_KEY_UIApplicationSupportsIndirectInputEvents = YES;
				INFOPLIST_KEY_UILaunchScreen_Generation = YES;
				INFOPLIST_KEY_UISupportedInterfaceOrientations_iPad = "UIInterfaceOrientationPortrait UIInterfaceOrientationPortraitUpsideDown UIInterfaceOrientationLandscapeLeft UIInterfaceOrientationLandscapeRight";
				INFOPLIST_KEY_UISupportedInterfaceOrientations_iPhone = "UIInterfaceOrientationPortrait UIInterfaceOrientationLandscapeLeft UIInterfaceOrientationLandscapeRight";
				LD_RUNPATH_SEARCH_PATHS = (
					"$(inherited)",
					"@executable_path/Frameworks",
				);
				MARKETING_VERSION = 1.0;
				PRODUCT_BUNDLE_IDENTIFIER = com.firoj.shaikh.NavigationCourse;
				PRODUCT_NAME = "$(TARGET_NAME)";
				SWIFT_EMIT_LOC_STRINGS = YES;
				SWIFT_VERSION = 5.0;
				TARGETED_DEVICE_FAMILY = "1,2";
			};
			name = Release;
		};
		D7596ADB2B529D99003A6E06 /* Debug */ = {
			isa = XCBuildConfiguration;
			buildSettings = {
				ALWAYS_EMBED_SWIFT_STANDARD_LIBRARIES = YES;
				BUNDLE_LOADER = "$(TEST_HOST)";
				CODE_SIGN_STYLE = Automatic;
				CURRENT_PROJECT_VERSION = 1;
				GENERATE_INFOPLIST_FILE = YES;
				IPHONEOS_DEPLOYMENT_TARGET = 16.2;
				MARKETING_VERSION = 1.0;
				PRODUCT_BUNDLE_IDENTIFIER = com.firoj.shaikh.NavigationCourseTests;
				PRODUCT_NAME = "$(TARGET_NAME)";
				SWIFT_EMIT_LOC_STRINGS = NO;
				SWIFT_VERSION = 5.0;
				TARGETED_DEVICE_FAMILY = "1,2";
				TEST_HOST = "$(BUILT_PRODUCTS_DIR)/NavigationCourse.app/$(BUNDLE_EXECUTABLE_FOLDER_PATH)/NavigationCourse";
			};
			name = Debug;
		};
		D7596ADC2B529D99003A6E06 /* Release */ = {
			isa = XCBuildConfiguration;
			buildSettings = {
				ALWAYS_EMBED_SWIFT_STANDARD_LIBRARIES = YES;
				BUNDLE_LOADER = "$(TEST_HOST)";
				CODE_SIGN_STYLE = Automatic;
				CURRENT_PROJECT_VERSION = 1;
				GENERATE_INFOPLIST_FILE = YES;
				IPHONEOS_DEPLOYMENT_TARGET = 16.2;
				MARKETING_VERSION = 1.0;
				PRODUCT_BUNDLE_IDENTIFIER = com.firoj.shaikh.NavigationCourseTests;
				PRODUCT_NAME = "$(TARGET_NAME)";
				SWIFT_EMIT_LOC_STRINGS = NO;
				SWIFT_VERSION = 5.0;
				TARGETED_DEVICE_FAMILY = "1,2";
				TEST_HOST = "$(BUILT_PRODUCTS_DIR)/NavigationCourse.app/$(BUNDLE_EXECUTABLE_FOLDER_PATH)/NavigationCourse";
			};
			name = Release;
		};
		D7596ADE2B529D99003A6E06 /* Debug */ = {
			isa = XCBuildConfiguration;
			buildSettings = {
				ALWAYS_EMBED_SWIFT_STANDARD_LIBRARIES = YES;
				CODE_SIGN_STYLE = Automatic;
				CURRENT_PROJECT_VERSION = 1;
				GENERATE_INFOPLIST_FILE = YES;
				MARKETING_VERSION = 1.0;
				PRODUCT_BUNDLE_IDENTIFIER = com.firoj.shaikh.NavigationCourseUITests;
				PRODUCT_NAME = "$(TARGET_NAME)";
				SWIFT_EMIT_LOC_STRINGS = NO;
				SWIFT_VERSION = 5.0;
				TARGETED_DEVICE_FAMILY = "1,2";
				TEST_TARGET_NAME = NavigationCourse;
			};
			name = Debug;
		};
		D7596ADF2B529D99003A6E06 /* Release */ = {
			isa = XCBuildConfiguration;
			buildSettings = {
				ALWAYS_EMBED_SWIFT_STANDARD_LIBRARIES = YES;
				CODE_SIGN_STYLE = Automatic;
				CURRENT_PROJECT_VERSION = 1;
				GENERATE_INFOPLIST_FILE = YES;
				MARKETING_VERSION = 1.0;
				PRODUCT_BUNDLE_IDENTIFIER = com.firoj.shaikh.NavigationCourseUITests;
				PRODUCT_NAME = "$(TARGET_NAME)";
				SWIFT_EMIT_LOC_STRINGS = NO;
				SWIFT_VERSION = 5.0;
				TARGETED_DEVICE_FAMILY = "1,2";
				TEST_TARGET_NAME = NavigationCourse;
			};
			name = Release;
		};
/* End XCBuildConfiguration section */

/* Begin XCConfigurationList section */
		D7596AAE2B529D95003A6E06 /* Build configuration list for PBXProject "NavigationCourse" */ = {
			isa = XCConfigurationList;
			buildConfigurations = (
				D7596AD52B529D99003A6E06 /* Debug */,
				D7596AD62B529D99003A6E06 /* Release */,
			);
			defaultConfigurationIsVisible = 0;
			defaultConfigurationName = Release;
		};
		D7596AD72B529D99003A6E06 /* Build configuration list for PBXNativeTarget "NavigationCourse" */ = {
			isa = XCConfigurationList;
			buildConfigurations = (
				D7596AD82B529D99003A6E06 /* Debug */,
				D7596AD92B529D99003A6E06 /* Release */,
			);
			defaultConfigurationIsVisible = 0;
			defaultConfigurationName = Release;
		};
		D7596ADA2B529D99003A6E06 /* Build configuration list for PBXNativeTarget "NavigationCourseTests" */ = {
			isa = XCConfigurationList;
			buildConfigurations = (
				D7596ADB2B529D99003A6E06 /* Debug */,
				D7596ADC2B529D99003A6E06 /* Release */,
			);
			defaultConfigurationIsVisible = 0;
			defaultConfigurationName = Release;
		};
		D7596ADD2B529D99003A6E06 /* Build configuration list for PBXNativeTarget "NavigationCourseUITests" */ = {
			isa = XCConfigurationList;
			buildConfigurations = (
				D7596ADE2B529D99003A6E06 /* Debug */,
				D7596ADF2B529D99003A6E06 /* Release */,
			);
			defaultConfigurationIsVisible = 0;
			defaultConfigurationName = Release;
		};
/* End XCConfigurationList section */
	};
	rootObject = D7596AAB2B529D95003A6E06 /* Project object */;
}
